Microsoft Visual Studio Solution File, Format Version 12.00
# Visual Studio Version 17
VisualStudioVersion = 17.5.2.0
MinimumVisualStudioVersion = 10.0.40219.1
Project("{FAE04EC0-301F-11D3-BF4B-00C04F79EFBC}") = "Olio_harjoitusVIII", "Olio_harjoitusVIII.csproj", "{FD1900AA-3EB7-0245-62B1-189F7634D907}"
EndProject
Global
	GlobalSection(SolutionConfigurationPlatforms) = preSolution
		Debug|Any CPU = Debug|Any CPU
		Release|Any CPU = Release|Any CPU
	EndGlobalSection
	GlobalSection(ProjectConfigurationPlatforms) = postSolution
		{FD1900AA-3EB7-0245-62B1-189F7634D907}.Debug|Any CPU.ActiveCfg = Debug|Any CPU
		{FD1900AA-3EB7-0245-62B1-189F7634D907}.Debug|Any CPU.Build.0 = Debug|Any CPU
		{FD1900AA-3EB7-0245-62B1-189F7634D907}.Release|Any CPU.ActiveCfg = Release|Any CPU
		{FD1900AA-3EB7-0245-62B1-189F7634D907}.Release|Any CPU.Build.0 = Release|Any CPU
	EndGlobalSection
	GlobalSection(SolutionProperties) = preSolution
		HideSolutionNode = FALSE
	EndGlobalSection
	GlobalSection(ExtensibilityGlobals) = postSolution
		SolutionGuid = {ABEEC56D-FC22-4339-A206-B1A336B154C8}
	EndGlobalSection
EndGlobal
